<?xml version="1.0" encoding="utf-8"?>
<Project ToolsVersion="4.0" xmlns="http://schemas.microsoft.com/developer/msbuild/2003">
  <ItemGroup>
    <Filter Include="Common">
      <UniqueIdentifier>b4c159fd-3aa1-48e8-b5dc-207fe97bf8c2</UniqueIdentifier>
    </Filter>
    <Filter Include="Assets">
      <UniqueIdentifier>ba2eaa8a-1f2f-4187-925c-c6737224248f</UniqueIdentifier>
      <Extensions>bmp;fbx;gif;jpg;jpeg;tga;tiff;tif;png</Extensions>
    </Filter>
    <Filter Include="Content">
      <UniqueIdentifier>7db37627-fc99-4233-8c64-38f72dcb55ed</UniqueIdentifier>
    </Filter>
    <Filter Include="Helpers">
      <UniqueIdentifier>f8786ff5-331b-455e-828a-c275e9ef047a</UniqueIdentifier>
    </Filter>
    <ClInclude Include="Helpers\DirectXHelper.h">
      <Filter>Common</Filter>
    </ClInclude>
    <ClInclude Include="Helpers\StepTimer.h">
      <Filter>Common</Filter>
    </ClInclude>
    <ClInclude Include="Helpers\DeviceResources.h">
      <Filter>Common</Filter>
    </ClInclude>
    <ClCompile Include="Helpers\DeviceResources.cpp">
      <Filter>Common</Filter>
    </ClCompile>
    <ClInclude Include="Helpers\InputManager.h">
      <Filter>Helpers</Filter>
    </ClInclude>
    <ClInclude Include="Helpers\OverlayManager.h">
      <Filter>Helpers</Filter>
    </ClInclude>
    <ClInclude Include="Helpers\SoundPlayer.h">
      <Filter>Helpers</Filter>
    </ClInclude>
    <ClCompile Include="Helpers\InputManager.cpp">
      <Filter>Helpers</Filter>
    </ClCompile>
    <ClCompile Include="Helpers\OverlayManager.cpp">
      <Filter>Helpers</Filter>
    </ClCompile>
    <ClCompile Include="Helpers\SoundPlayer.cpp">
      <Filter>Helpers</Filter>
    </ClCompile>
    <ClInclude Include="Content\Sample3DSceneRenderer.h">
      <Filter>Content</Filter>
    </ClInclude>
    <ClInclude Include="Content\SampleVirtualControllerRenderer.h">
      <Filter>Content</Filter>
    </ClInclude>
    <ClInclude Include="Content\SampleDebugTextRenderer.h">
      <Filter>Content</Filter>
    </ClInclude>
    <ClInclude Include="Content\ShaderStructures.h">
      <Filter>Content</Filter>
    </ClInclude>
    <ClCompile Include="Content\Sample3DSceneRenderer.cpp">
      <Filter>Content</Filter>
    </ClCompile>
    <ClCompile Include="Content\SampleVirtualControllerRenderer.cpp">
      <Filter>Content</Filter>
    </ClCompile>
    <ClCompile Include="Content\SampleDebugTextRenderer.cpp">
      <Filter>Content</Filter>
    </ClCompile>
    <FxCompile Include="Content\SamplePixelShader.hlsl">
      <Filter>Content</Filter>
    </FxCompile>
    <FxCompile Include="Content\SampleVertexShader.hlsl">
      <Filter>Content</Filter>
    </FxCompile>
    <Media Include="Assets\chord.wav">
      <Filter>Assets</Filter>
    </Media>
    <Media Include="Assets\becky.wma">
      <Filter>Assets</Filter>
    </Media>
    <Image Include="Assets\Logo.png">
      <Filter>Assets</Filter>
    </Image>
    <Image Include="Assets\SmallLogo.png">
      <Filter>Assets</Filter>
    </Image>
    <Image Include="Assets\StoreLogo.png">
      <Filter>Assets</Filter>
    </Image>
    <Image Include="Assets\SplashScreen.png">
      <Filter>Assets</Filter>
    </Image>
    <Filter Include="Content\Game Entity">
      <UniqueIdentifier>{cce5a3c8-88ec-4ac1-98b3-b549c26e73ef}</UniqueIdentifier>
    </Filter>
  </ItemGroup>
  <ItemGroup>
    <ClCompile Include="App.cpp" />
    <ClCompile Include="DirectXGame2Main.cpp" />
    <ClCompile Include="pch.cpp" />
    <ClCompile Include="Content\Game Entity\Asteroid.cpp">
      <Filter>Content\Game Entity</Filter>
    </ClCompile>
    <ClCompile Include="Content\Game Entity\Beam.cpp">
      <Filter>Content\Game Entity</Filter>
    </ClCompile>
    <ClCompile Include="Content\Game Entity\GameEntity.cpp">
      <Filter>Content\Game Entity</Filter>
    </ClCompile>
    <ClCompile Include="Content\Game Entity\PickUp.cpp">
      <Filter>Content\Game Entity</Filter>
    </ClCompile>
    <ClCompile Include="Content\Game Entity\SpaceShip.cpp">
      <Filter>Content\Game Entity</Filter>
    </ClCompile>
    <ClCompile Include="Content\Game Entity\Enemy.cpp">
      <Filter>Content\Game Entity</Filter>
    </ClCompile>
    <ClCompile Include="Content\Game Entity\Camera.cpp">
      <Filter>Content\Game Entity</Filter>
    </ClCompile>
    <ClCompile Include="Content\Game Entity\EnemyBase.cpp">
      <Filter>Content\Game Entity</Filter>
    </ClCompile>
  </ItemGroup>
  <ItemGroup>
    <ClInclude Include="App.h" />
    <ClInclude Include="DirectXGame2Main.h" />
    <ClInclude Include="pch.h" />
    <ClInclude Include="resource.h" />
    <ClInclude Include="Content\Game Entity\Asteroid.h">
      <Filter>Content\Game Entity</Filter>
    </ClInclude>
    <ClInclude Include="Content\Game Entity\Beam.h">
      <Filter>Content\Game Entity</Filter>
    </ClInclude>
    <ClInclude Include="Content\Game Entity\GameEntity.h">
      <Filter>Content\Game Entity</Filter>
    </ClInclude>
    <ClInclude Include="Content\Game Entity\PickUP.h">
      <Filter>Content\Game Entity</Filter>
    </ClInclude>
    <ClInclude Include="Content\Game Entity\SpaceShip.h">
      <Filter>Content\Game Entity</Filter>
    </ClInclude>
    <ClInclude Include="Content\Game Entity\Enemy.h">
      <Filter>Content\Game Entity</Filter>
    </ClInclude>
    <ClInclude Include="Content\Game Entity\Camera.h">
      <Filter>Content\Game Entity</Filter>
    </ClInclude>
    <ClInclude Include="Content\Game Entity\EnemyBase.h">
      <Filter>Content\Game Entity</Filter>
    </ClInclude>
  </ItemGroup>
  <ItemGroup>
    <AppxManifest Include="Package.appxmanifest" />
  </ItemGroup>
  <ItemGroup>
    <None Include="Assets\Crate Box\crate.mtl">
      <Filter>Assets</Filter>
    </None>
  </ItemGroup>
  <ItemGroup>
    <ResourceCompile Include="Assignment3.rc" />
  </ItemGroup>
  <ItemGroup>
    <Image Include="Assets\shulk.dds">
      <Filter>Assets</Filter>
    </Image>
    <Image Include="Assets\Crate Box\Texture\crate_tex.jpg">
      <Filter>Assets</Filter>
    </Image>
    <Image Include="Assets\Crate Box\Texture\crate_tex2.jpg">
      <Filter>Assets</Filter>
    </Image>
    <Image Include="Assets\Crate Box\Texture\crate_tex3.jpg">
      <Filter>Assets</Filter>
    </Image>
    <Image Include="Assets\Crate Box\Texture\crate_tex4.jpg">
      <Filter>Assets</Filter>
    </Image>
    <Image Include="Assets\aster1.dds">
      <Filter>Assets</Filter>
    </Image>
    <Image Include="Assets\health.dds">
      <Filter>Assets</Filter>
    </Image>
    <Image Include="Assets\bolt.dds">
      <Filter>Assets</Filter>
    </Image>
    <Image Include="Assets\fuel.dds">
      <Filter>Assets</Filter>
    </Image>
    <Image Include="Assets\red.dds">
      <Filter>Assets</Filter>
    </Image>
    <Image Include="Assets\upg.dds">
      <Filter>Assets</Filter>
    </Image>
    <Image Include="Assets\borg.dds">
      <Filter>Assets</Filter>
    </Image>
    <Image Include="Assets\spark.dds">
      <Filter>Assets</Filter>
    </Image>
    <Image Include="Assets\enemyText2.dds">
      <Filter>Assets</Filter>
    </Image>
    <Image Include="Assets\enemyText3.jpg">
      <Filter>Assets</Filter>
    </Image>
    <Image Include="Assets\enemyText3.dds">
      <Filter>Assets</Filter>
    </Image>
  </ItemGroup>
  <ItemGroup>
    <MeshContentTask Include="Scene.fbx">
      <Filter>Assets</Filter>
    </MeshContentTask>
    <MeshContentTask Include="Assets\Crate Box\crate.obj">
      <Filter>Assets</Filter>
    </MeshContentTask>
  </ItemGroup>
</Project>